
Microsoft Visual Studio Solution File, Format Version 12.00
# Visual Studio 2013
VisualStudioVersion = 12.0.30110.0
MinimumVisualStudioVersion = 10.0.40219.1
Project("{FAE04EC0-301F-11D3-BF4B-00C04F79EFBC}") = "motion-paint", "motion-paint\motion-paint.csproj", "{8ECA4F49-48D9-4F6F-96A9-DAC4BE8F0FBC}"
	ProjectSection(ProjectDependencies) = postProject
		{C6F9C31B-6130-4443-A5CC-EF0664552ECD} = {C6F9C31B-6130-4443-A5CC-EF0664552ECD}
		{4508C4D1-85BB-4F3F-9E3B-CC93D231C65D} = {4508C4D1-85BB-4F3F-9E3B-CC93D231C65D}
	EndProjectSection
EndProject
Project("{FAE04EC0-301F-11D3-BF4B-00C04F79EFBC}") = "Microsoft.Kinect.Toolkit", "motion-paint\Dependencies\Microsoft.Kinect.Toolkit\Microsoft.Kinect.Toolkit.csproj", "{C6F9C31B-6130-4443-A5CC-EF0664552ECD}"
EndProject
Project("{FAE04EC0-301F-11D3-BF4B-00C04F79EFBC}") = "Microsoft.Kinect.Toolkit.Controls", "motion-paint\Dependencies\Microsoft.Kinect.Toolkit.Controls\Microsoft.Kinect.Toolkit.Controls.csproj", "{4508C4D1-85BB-4F3F-9E3B-CC93D231C65D}"
EndProject
Global
	GlobalSection(SolutionConfigurationPlatforms) = preSolution
		Debug|Any CPU = Debug|Any CPU
		Release|Any CPU = Release|Any CPU
	EndGlobalSection
	GlobalSection(ProjectConfigurationPlatforms) = postSolution
		{8ECA4F49-48D9-4F6F-96A9-DAC4BE8F0FBC}.Debug|Any CPU.ActiveCfg = Debug|Any CPU
		{8ECA4F49-48D9-4F6F-96A9-DAC4BE8F0FBC}.Debug|Any CPU.Build.0 = Debug|Any CPU
		{8ECA4F49-48D9-4F6F-96A9-DAC4BE8F0FBC}.Release|Any CPU.ActiveCfg = Release|Any CPU
		{8ECA4F49-48D9-4F6F-96A9-DAC4BE8F0FBC}.Release|Any CPU.Build.0 = Release|Any CPU
		{C6F9C31B-6130-4443-A5CC-EF0664552ECD}.Debug|Any CPU.ActiveCfg = Debug|Any CPU
		{C6F9C31B-6130-4443-A5CC-EF0664552ECD}.Debug|Any CPU.Build.0 = Debug|Any CPU
		{C6F9C31B-6130-4443-A5CC-EF0664552ECD}.Release|Any CPU.ActiveCfg = Release|Any CPU
		{C6F9C31B-6130-4443-A5CC-EF0664552ECD}.Release|Any CPU.Build.0 = Release|Any CPU
		{4508C4D1-85BB-4F3F-9E3B-CC93D231C65D}.Debug|Any CPU.ActiveCfg = Debug|Any CPU
		{4508C4D1-85BB-4F3F-9E3B-CC93D231C65D}.Debug|Any CPU.Build.0 = Debug|Any CPU
		{4508C4D1-85BB-4F3F-9E3B-CC93D231C65D}.Release|Any CPU.ActiveCfg = Release|Any CPU
		{4508C4D1-85BB-4F3F-9E3B-CC93D231C65D}.Release|Any CPU.Build.0 = Release|Any CPU
	EndGlobalSection
	GlobalSection(SolutionProperties) = preSolution
		HideSolutionNode = FALSE
	EndGlobalSection
EndGlobal
